
Microsoft Visual Studio Solution File, Format Version 12.00
# Visual Studio Version 16
VisualStudioVersion = 16.0.31105.61
MinimumVisualStudioVersion = 10.0.40219.1
Project("{9A19103F-16F7-4668-BE54-9A1E7A4F7556}") = "OneOceanApp", "OneOceanApp.csproj", "{65036A88-6ECA-4A9D-87B7-C7A802CF3F09}"
EndProject
Project("{9A19103F-16F7-4668-BE54-9A1E7A4F7556}") = "Narwhal.Service", "Narwhal.Service\Narwhal.Service.csproj", "{B9FE37FD-C779-4884-898F-3DC241F7471E}"
EndProject
Global
	GlobalSection(SolutionConfigurationPlatforms) = preSolution
		Debug|Any CPU = Debug|Any CPU
		Release|Any CPU = Release|Any CPU
	EndGlobalSection
	GlobalSection(ProjectConfigurationPlatforms) = postSolution
		{65036A88-6ECA-4A9D-87B7-C7A802CF3F09}.Debug|Any CPU.ActiveCfg = Debug|Any CPU
		{65036A88-6ECA-4A9D-87B7-C7A802CF3F09}.Debug|Any CPU.Build.0 = Debug|Any CPU
		{65036A88-6ECA-4A9D-87B7-C7A802CF3F09}.Release|Any CPU.ActiveCfg = Release|Any CPU
		{65036A88-6ECA-4A9D-87B7-C7A802CF3F09}.Release|Any CPU.Build.0 = Release|Any CPU
		{B9FE37FD-C779-4884-898F-3DC241F7471E}.Debug|Any CPU.ActiveCfg = Debug|Any CPU
		{B9FE37FD-C779-4884-898F-3DC241F7471E}.Debug|Any CPU.Build.0 = Debug|Any CPU
		{B9FE37FD-C779-4884-898F-3DC241F7471E}.Release|Any CPU.ActiveCfg = Release|Any CPU
		{B9FE37FD-C779-4884-898F-3DC241F7471E}.Release|Any CPU.Build.0 = Release|Any CPU
	EndGlobalSection
	GlobalSection(SolutionProperties) = preSolution
		HideSolutionNode = FALSE
	EndGlobalSection
	GlobalSection(ExtensibilityGlobals) = postSolution
		SolutionGuid = {40089364-1F07-4FEF-9AAC-C1F204E77BB2}
	EndGlobalSection
EndGlobal
